// !$*UTF8*$!
{
	archiveVersion = 1;
	classes = {
	};
	objectVersion = 46;
	objects = {

/* Begin PBXBuildFile section */
		FD5018611FD06C3C00987CCA /* AppDelegate.swift in Sources */ = {isa = PBXBuildFile; fileRef = FD5018601FD06C3C00987CCA /* AppDelegate.swift */; };
		FD5018661FD06C3C00987CCA /* Main.storyboard in Resources */ = {isa = PBXBuildFile; fileRef = FD5018641FD06C3C00987CCA /* Main.storyboard */; };
		FD5018691FD06C3C00987CCA /* FoodTruckAssistant.xcdatamodeld in Sources */ = {isa = PBXBuildFile; fileRef = FD5018671FD06C3C00987CCA /* FoodTruckAssistant.xcdatamodeld */; };
		FD50186B1FD06C3C00987CCA /* Assets.xcassets in Resources */ = {isa = PBXBuildFile; fileRef = FD50186A1FD06C3C00987CCA /* Assets.xcassets */; };
		FD50186E1FD06C3C00987CCA /* LaunchScreen.storyboard in Resources */ = {isa = PBXBuildFile; fileRef = FD50186C1FD06C3C00987CCA /* LaunchScreen.storyboard */; };
		FD5018781FD2EC2D00987CCA /* SalesTableViewController.swift in Sources */ = {isa = PBXBuildFile; fileRef = FD5018771FD2EC2D00987CCA /* SalesTableViewController.swift */; };
		FD50187A1FD2EC6B00987CCA /* MenuTableViewController.swift in Sources */ = {isa = PBXBuildFile; fileRef = FD5018791FD2EC6B00987CCA /* MenuTableViewController.swift */; };
		FD50187C1FD2EC8A00987CCA /* AddMenuViewController.swift in Sources */ = {isa = PBXBuildFile; fileRef = FD50187B1FD2EC8A00987CCA /* AddMenuViewController.swift */; };
		FD50187E1FD2ECA900987CCA /* ShowOrderViewController.swift in Sources */ = {isa = PBXBuildFile; fileRef = FD50187D1FD2ECA900987CCA /* ShowOrderViewController.swift */; };
		FD5018801FD2F15600987CCA /* HomeViewController.swift in Sources */ = {isa = PBXBuildFile; fileRef = FD50187F1FD2F15600987CCA /* HomeViewController.swift */; };
		FD5018821FD2F1A100987CCA /* AddOrderViewController.swift in Sources */ = {isa = PBXBuildFile; fileRef = FD5018811FD2F1A100987CCA /* AddOrderViewController.swift */; };
		FD5018841FD2F21D00987CCA /* PaymentViewController.swift in Sources */ = {isa = PBXBuildFile; fileRef = FD5018831FD2F21D00987CCA /* PaymentViewController.swift */; };
		FD5018881FD2F58B00987CCA /* appIcon.png in Resources */ = {isa = PBXBuildFile; fileRef = FD5018871FD2F58B00987CCA /* appIcon.png */; };
		FD5018B51FD3007F00987CCA /* home.png in Resources */ = {isa = PBXBuildFile; fileRef = FD5018B21FD3007F00987CCA /* home.png */; };
		FD5018B61FD3007F00987CCA /* menu.png in Resources */ = {isa = PBXBuildFile; fileRef = FD5018B31FD3007F00987CCA /* menu.png */; };
		FD5018B71FD3007F00987CCA /* sales.png in Resources */ = {isa = PBXBuildFile; fileRef = FD5018B41FD3007F00987CCA /* sales.png */; };
/* End PBXBuildFile section */

/* Begin PBXFileReference section */
		FD50185D1FD06C3C00987CCA /* FoodTruckAssistant.app */ = {isa = PBXFileReference; explicitFileType = wrapper.application; includeInIndex = 0; path = FoodTruckAssistant.app; sourceTree = BUILT_PRODUCTS_DIR; };
		FD5018601FD06C3C00987CCA /* AppDelegate.swift */ = {isa = PBXFileReference; lastKnownFileType = sourcecode.swift; path = AppDelegate.swift; sourceTree = "<group>"; };
		FD5018651FD06C3C00987CCA /* Base */ = {isa = PBXFileReference; lastKnownFileType = file.storyboard; name = Base; path = Base.lproj/Main.storyboard; sourceTree = "<group>"; };
		FD5018681FD06C3C00987CCA /* FoodTruckAssistant.xcdatamodel */ = {isa = PBXFileReference; lastKnownFileType = wrapper.xcdatamodel; path = FoodTruckAssistant.xcdatamodel; sourceTree = "<group>"; };
		FD50186A1FD06C3C00987CCA /* Assets.xcassets */ = {isa = PBXFileReference; lastKnownFileType = folder.assetcatalog; path = Assets.xcassets; sourceTree = "<group>"; };
		FD50186D1FD06C3C00987CCA /* Base */ = {isa = PBXFileReference; lastKnownFileType = file.storyboard; name = Base; path = Base.lproj/LaunchScreen.storyboard; sourceTree = "<group>"; };
		FD50186F1FD06C3C00987CCA /* Info.plist */ = {isa = PBXFileReference; lastKnownFileType = text.plist.xml; path = Info.plist; sourceTree = "<group>"; };
		FD5018771FD2EC2D00987CCA /* SalesTableViewController.swift */ = {isa = PBXFileReference; fileEncoding = 4; lastKnownFileType = sourcecode.swift; path = SalesTableViewController.swift; sourceTree = "<group>"; };
		FD5018791FD2EC6B00987CCA /* MenuTableViewController.swift */ = {isa = PBXFileReference; fileEncoding = 4; lastKnownFileType = sourcecode.swift; path = MenuTableViewController.swift; sourceTree = "<group>"; };
		FD50187B1FD2EC8A00987CCA /* AddMenuViewController.swift */ = {isa = PBXFileReference; fileEncoding = 4; lastKnownFileType = sourcecode.swift; path = AddMenuViewController.swift; sourceTree = "<group>"; };
		FD50187D1FD2ECA900987CCA /* ShowOrderViewController.swift */ = {isa = PBXFileReference; fileEncoding = 4; lastKnownFileType = sourcecode.swift; path = ShowOrderViewController.swift; sourceTree = "<group>"; };
		FD50187F1FD2F15600987CCA /* HomeViewController.swift */ = {isa = PBXFileReference; fileEncoding = 4; lastKnownFileType = sourcecode.swift; path = HomeViewController.swift; sourceTree = "<group>"; };
		FD5018811FD2F1A100987CCA /* AddOrderViewController.swift */ = {isa = PBXFileReference; fileEncoding = 4; lastKnownFileType = sourcecode.swift; path = AddOrderViewController.swift; sourceTree = "<group>"; };
		FD5018831FD2F21D00987CCA /* PaymentViewController.swift */ = {isa = PBXFileReference; fileEncoding = 4; lastKnownFileType = sourcecode.swift; path = PaymentViewController.swift; sourceTree = "<group>"; };
		FD5018871FD2F58B00987CCA /* appIcon.png */ = {isa = PBXFileReference; lastKnownFileType = image.png; path = appIcon.png; sourceTree = "<group>"; };
		FD5018B21FD3007F00987CCA /* home.png */ = {isa = PBXFileReference; lastKnownFileType = image.png; name = home.png; path = TabIcon/home.png; sourceTree = "<group>"; };
		FD5018B31FD3007F00987CCA /* menu.png */ = {isa = PBXFileReference; lastKnownFileType = image.png; name = menu.png; path = TabIcon/menu.png; sourceTree = "<group>"; };
		FD5018B41FD3007F00987CCA /* sales.png */ = {isa = PBXFileReference; lastKnownFileType = image.png; name = sales.png; path = TabIcon/sales.png; sourceTree = "<group>"; };
/* End PBXFileReference section */

/* Begin PBXFrameworksBuildPhase section */
		FD50185A1FD06C3C00987CCA /* Frameworks */ = {
			isa = PBXFrameworksBuildPhase;
			buildActionMask = 2147483647;
			files = (
			);
			runOnlyForDeploymentPostprocessing = 0;
		};
/* End PBXFrameworksBuildPhase section */

/* Begin PBXGroup section */
		FD5018541FD06C3C00987CCA = {
			isa = PBXGroup;
			children = (
				FD50185F1FD06C3C00987CCA /* FoodTruckAssistant */,
				FD50185E1FD06C3C00987CCA /* Products */,
			);
			sourceTree = "<group>";
		};
		FD50185E1FD06C3C00987CCA /* Products */ = {
			isa = PBXGroup;
			children = (
				FD50185D1FD06C3C00987CCA /* FoodTruckAssistant.app */,
			);
			name = Products;
			sourceTree = "<group>";
		};
		FD50185F1FD06C3C00987CCA /* FoodTruckAssistant */ = {
			isa = PBXGroup;
			children = (
				FD5018891FD2FAC500987CCA /* TabbarImage */,
				FD5018871FD2F58B00987CCA /* appIcon.png */,
				FD5018601FD06C3C00987CCA /* AppDelegate.swift */,
				FD5018641FD06C3C00987CCA /* Main.storyboard */,
				FD50187F1FD2F15600987CCA /* HomeViewController.swift */,
				FD5018811FD2F1A100987CCA /* AddOrderViewController.swift */,
				FD5018831FD2F21D00987CCA /* PaymentViewController.swift */,
				FD50187D1FD2ECA900987CCA /* ShowOrderViewController.swift */,
				FD5018771FD2EC2D00987CCA /* SalesTableViewController.swift */,
				FD5018791FD2EC6B00987CCA /* MenuTableViewController.swift */,
				FD50187B1FD2EC8A00987CCA /* AddMenuViewController.swift */,
				FD50186A1FD06C3C00987CCA /* Assets.xcassets */,
				FD50186C1FD06C3C00987CCA /* LaunchScreen.storyboard */,
				FD50186F1FD06C3C00987CCA /* Info.plist */,
				FD5018671FD06C3C00987CCA /* FoodTruckAssistant.xcdatamodeld */,
			);
			path = FoodTruckAssistant;
			sourceTree = "<group>";
		};
		FD5018891FD2FAC500987CCA /* TabbarImage */ = {
			isa = PBXGroup;
			children = (
				FD5018B21FD3007F00987CCA /* home.png */,
				FD5018B31FD3007F00987CCA /* menu.png */,
				FD5018B41FD3007F00987CCA /* sales.png */,
			);
			name = TabbarImage;
			sourceTree = "<group>";
		};
/* End PBXGroup section */

/* Begin PBXNativeTarget section */
		FD50185C1FD06C3C00987CCA /* FoodTruckAssistant */ = {
			isa = PBXNativeTarget;
			buildConfigurationList = FD5018721FD06C3C00987CCA /* Build configuration list for PBXNativeTarget "FoodTruckAssistant" */;
			buildPhases = (
				FD5018591FD06C3C00987CCA /* Sources */,
				FD50185A1FD06C3C00987CCA /* Frameworks */,
				FD50185B1FD06C3C00987CCA /* Resources */,
			);
			buildRules = (
			);
			dependencies = (
			);
			name = FoodTruckAssistant;
			productName = FoodTruckAssistant;
			productReference = FD50185D1FD06C3C00987CCA /* FoodTruckAssistant.app */;
			productType = "com.apple.product-type.application";
		};
/* End PBXNativeTarget section */

/* Begin PBXProject section */
		FD5018551FD06C3C00987CCA /* Project object */ = {
			isa = PBXProject;
			attributes = {
				LastSwiftUpdateCheck = 0830;
				LastUpgradeCheck = 0830;
				ORGANIZATIONNAME = Suji;
				TargetAttributes = {
					FD50185C1FD06C3C00987CCA = {
						CreatedOnToolsVersion = 8.3.3;
						ProvisioningStyle = Automatic;
					};
				};
			};
			buildConfigurationList = FD5018581FD06C3C00987CCA /* Build configuration list for PBXProject "FoodTruckAssistant" */;
			compatibilityVersion = "Xcode 3.2";
			developmentRegion = English;
			hasScannedForEncodings = 0;
			knownRegions = (
				en,
				Base,
			);
			mainGroup = FD5018541FD06C3C00987CCA;
			productRefGroup = FD50185E1FD06C3C00987CCA /* Products */;
			projectDirPath = "";
			projectRoot = "";
			targets = (
				FD50185C1FD06C3C00987CCA /* FoodTruckAssistant */,
			);
		};
/* End PBXProject section */

/* Begin PBXResourcesBuildPhase section */
		FD50185B1FD06C3C00987CCA /* Resources */ = {
			isa = PBXResourcesBuildPhase;
			buildActionMask = 2147483647;
			files = (
				FD5018881FD2F58B00987CCA /* appIcon.png in Resources */,
				FD5018B51FD3007F00987CCA /* home.png in Resources */,
				FD5018B61FD3007F00987CCA /* menu.png in Resources */,
				FD50186E1FD06C3C00987CCA /* LaunchScreen.storyboard in Resources */,
				FD50186B1FD06C3C00987CCA /* Assets.xcassets in Resources */,
				FD5018B71FD3007F00987CCA /* sales.png in Resources */,
				FD5018661FD06C3C00987CCA /* Main.storyboard in Resources */,
			);
			runOnlyForDeploymentPostprocessing = 0;
		};
/* End PBXResourcesBuildPhase section */

/* Begin PBXSourcesBuildPhase section */
		FD5018591FD06C3C00987CCA /* Sources */ = {
			isa = PBXSourcesBuildPhase;
			buildActionMask = 2147483647;
			files = (
				FD5018781FD2EC2D00987CCA /* SalesTableViewController.swift in Sources */,
				FD5018691FD06C3C00987CCA /* FoodTruckAssistant.xcdatamodeld in Sources */,
				FD5018821FD2F1A100987CCA /* AddOrderViewController.swift in Sources */,
				FD50187A1FD2EC6B00987CCA /* MenuTableViewController.swift in Sources */,
				FD5018801FD2F15600987CCA /* HomeViewController.swift in Sources */,
				FD5018611FD06C3C00987CCA /* AppDelegate.swift in Sources */,
				FD5018841FD2F21D00987CCA /* PaymentViewController.swift in Sources */,
				FD50187E1FD2ECA900987CCA /* ShowOrderViewController.swift in Sources */,
				FD50187C1FD2EC8A00987CCA /* AddMenuViewController.swift in Sources */,
			);
			runOnlyForDeploymentPostprocessing = 0;
		};
/* End PBXSourcesBuildPhase section */

/* Begin PBXVariantGroup section */
		FD5018641FD06C3C00987CCA /* Main.storyboard */ = {
			isa = PBXVariantGroup;
			children = (
				FD5018651FD06C3C00987CCA /* Base */,
			);
			name = Main.storyboard;
			sourceTree = "<group>";
		};
		FD50186C1FD06C3C00987CCA /* LaunchScreen.storyboard */ = {
			isa = PBXVariantGroup;
			children = (
				FD50186D1FD06C3C00987CCA /* Base */,
			);
			name = LaunchScreen.storyboard;
			sourceTree = "<group>";
		};
/* End PBXVariantGroup section */

/* Begin XCBuildConfiguration section */
		FD5018701FD06C3C00987CCA /* Debug */ = {
			isa = XCBuildConfiguration;
			buildSettings = {
				ALWAYS_SEARCH_USER_PATHS = NO;
				CLANG_ANALYZER_NONNULL = YES;
				CLANG_ANALYZER_NUMBER_OBJECT_CONVERSION = YES_AGGRESSIVE;
				CLANG_CXX_LANGUAGE_STANDARD = "gnu++0x";
				CLANG_CXX_LIBRARY = "libc++";
				CLANG_ENABLE_MODULES = YES;
				CLANG_ENABLE_OBJC_ARC = YES;
				CLANG_WARN_BOOL_CONVERSION = YES;
				CLANG_WARN_CONSTANT_CONVERSION = YES;
				CLANG_WARN_DIRECT_OBJC_ISA_USAGE = YES_ERROR;
				CLANG_WARN_DOCUMENTATION_COMMENTS = YES;
				CLANG_WARN_EMPTY_BODY = YES;
				CLANG_WARN_ENUM_CONVERSION = YES;
				CLANG_WARN_INFINITE_RECURSION = YES;
				CLANG_WARN_INT_CONVERSION = YES;
				CLANG_WARN_OBJC_ROOT_CLASS = YES_ERROR;
				CLANG_WARN_SUSPICIOUS_MOVE = YES;
				CLANG_WARN_UNREACHABLE_CODE = YES;
				CLANG_WARN__DUPLICATE_METHOD_MATCH = YES;
				"CODE_SIGN_IDENTITY[sdk=iphoneos*]" = "iPhone Developer";
				COPY_PHASE_STRIP = NO;
				DEBUG_INFORMATION_FORMAT = dwarf;
				ENABLE_STRICT_OBJC_MSGSEND = YES;
				ENABLE_TESTABILITY = YES;
				GCC_C_LANGUAGE_STANDARD = gnu99;
				GCC_DYNAMIC_NO_PIC = NO;
				GCC_NO_COMMON_BLOCKS = YES;
				GCC_OPTIMIZATION_LEVEL = 0;
				GCC_PREPROCESSOR_DEFINITIONS = (
					"DEBUG=1",
					"$(inherited)",
				);
				GCC_WARN_64_TO_32_BIT_CONVERSION = YES;
				GCC_WARN_ABOUT_RETURN_TYPE = YES_ERROR;
				GCC_WARN_UNDECLARED_SELECTOR = YES;
				GCC_WARN_UNINITIALIZED_AUTOS = YES_AGGRESSIVE;
				GCC_WARN_UNUSED_FUNCTION = YES;
				GCC_WARN_UNUSED_VARIABLE = YES;
				IPHONEOS_DEPLOYMENT_TARGET = 10.3;
				MTL_ENABLE_DEBUG_INFO = YES;
				ONLY_ACTIVE_ARCH = YES;
				SDKROOT = iphoneos;
				SWIFT_ACTIVE_COMPILATION_CONDITIONS = DEBUG;
				SWIFT_OPTIMIZATION_LEVEL = "-Onone";
			};
			name = Debug;
		};
		FD5018711FD06C3C00987CCA /* Release */ = {
			isa = XCBuildConfiguration;
			buildSettings = {
				ALWAYS_SEARCH_USER_PATHS = NO;
				CLANG_ANALYZER_NONNULL = YES;
				CLANG_ANALYZER_NUMBER_OBJECT_CONVERSION = YES_AGGRESSIVE;
				CLANG_CXX_LANGUAGE_STANDARD = "gnu++0x";
				CLANG_CXX_LIBRARY = "libc++";
				CLANG_ENABLE_MODULES = YES;
				CLANG_ENABLE_OBJC_ARC = YES;
				CLANG_WARN_BOOL_CONVERSION = YES;
				CLANG_WARN_CONSTANT_CONVERSION = YES;
				CLANG_WARN_DIRECT_OBJC_ISA_USAGE = YES_ERROR;
				CLANG_WARN_DOCUMENTATION_COMMENTS = YES;
				CLANG_WARN_EMPTY_BODY = YES;
				CLANG_WARN_ENUM_CONVERSION = YES;
				CLANG_WARN_INFINITE_RECURSION = YES;
				CLANG_WARN_INT_CONVERSION = YES;
				CLANG_WARN_OBJC_ROOT_CLASS = YES_ERROR;
				CLANG_WARN_SUSPICIOUS_MOVE = YES;
				CLANG_WARN_UNREACHABLE_CODE = YES;
				CLANG_WARN__DUPLICATE_METHOD_MATCH = YES;
				"CODE_SIGN_IDENTITY[sdk=iphoneos*]" = "iPhone Developer";
				COPY_PHASE_STRIP = NO;
				DEBUG_INFORMATION_FORMAT = "dwarf-with-dsym";
				ENABLE_NS_ASSERTIONS = NO;
				ENABLE_STRICT_OBJC_MSGSEND = YES;
				GCC_C_LANGUAGE_STANDARD = gnu99;
				GCC_NO_COMMON_BLOCKS = YES;
				GCC_WARN_64_TO_32_BIT_CONVERSION = YES;
				GCC_WARN_ABOUT_RETURN_TYPE = YES_ERROR;
				GCC_WARN_UNDECLARED_SELECTOR = YES;
				GCC_WARN_UNINITIALIZED_AUTOS = YES_AGGRESSIVE;
				GCC_WARN_UNUSED_FUNCTION = YES;
				GCC_WARN_UNUSED_VARIABLE = YES;
				IPHONEOS_DEPLOYMENT_TARGET = 10.3;
				MTL_ENABLE_DEBUG_INFO = NO;
				SDKROOT = iphoneos;
				SWIFT_OPTIMIZATION_LEVEL = "-Owholemodule";
				VALIDATE_PRODUCT = YES;
			};
			name = Release;
		};
		FD5018731FD06C3C00987CCA /* Debug */ = {
			isa = XCBuildConfiguration;
			buildSettings = {
				ASSETCATALOG_COMPILER_APPICON_NAME = AppIcon;
				INFOPLIST_FILE = FoodTruckAssistant/Info.plist;
				LD_RUNPATH_SEARCH_PATHS = "$(inherited) @executable_path/Frameworks";
				PRODUCT_BUNDLE_IDENTIFIER = sjKim.FoodTruckAssistant;
				PRODUCT_NAME = "$(TARGET_NAME)";
				SWIFT_VERSION = 3.0;
			};
			name = Debug;
		};
		FD5018741FD06C3C00987CCA /* Release */ = {
			isa = XCBuildConfiguration;
			buildSettings = {
				ASSETCATALOG_COMPILER_APPICON_NAME = AppIcon;
				INFOPLIST_FILE = FoodTruckAssistant/Info.plist;
				LD_RUNPATH_SEARCH_PATHS = "$(inherited) @executable_path/Frameworks";
				PRODUCT_BUNDLE_IDENTIFIER = sjKim.FoodTruckAssistant;
				PRODUCT_NAME = "$(TARGET_NAME)";
				SWIFT_VERSION = 3.0;
			};
			name = Release;
		};
/* End XCBuildConfiguration section */

/* Begin XCConfigurationList section */
		FD5018581FD06C3C00987CCA /* Build configuration list for PBXProject "FoodTruckAssistant" */ = {
			isa = XCConfigurationList;
			buildConfigurations = (
				FD5018701FD06C3C00987CCA /* Debug */,
				FD5018711FD06C3C00987CCA /* Release */,
			);
			defaultConfigurationIsVisible = 0;
			defaultConfigurationName = Release;
		};
		FD5018721FD06C3C00987CCA /* Build configuration list for PBXNativeTarget "FoodTruckAssistant" */ = {
			isa = XCConfigurationList;
			buildConfigurations = (
				FD5018731FD06C3C00987CCA /* Debug */,
				FD5018741FD06C3C00987CCA /* Release */,
			);
			defaultConfigurationIsVisible = 0;
			defaultConfigurationName = Release;
		};
/* End XCConfigurationList section */

/* Begin XCVersionGroup section */
		FD5018671FD06C3C00987CCA /* FoodTruckAssistant.xcdatamodeld */ = {
			isa = XCVersionGroup;
			children = (
				FD5018681FD06C3C00987CCA /* FoodTruckAssistant.xcdatamodel */,
			);
			currentVersion = FD5018681FD06C3C00987CCA /* FoodTruckAssistant.xcdatamodel */;
			path = FoodTruckAssistant.xcdatamodeld;
			sourceTree = "<group>";
			versionGroupType = wrapper.xcdatamodel;
		};
/* End XCVersionGroup section */
	};
	rootObject = FD5018551FD06C3C00987CCA /* Project object */;
}
